
Microsoft Visual Studio Solution File, Format Version 12.00
# Visual Studio Version 17
VisualStudioVersion = 17.11.35312.102
MinimumVisualStudioVersion = 10.0.40219.1
Project("{FAE04EC0-301F-11D3-BF4B-00C04F79EFBC}") = "testWindowsForms", "testWindowsForms\testWindowsForms.csproj", "{96345DFC-73EB-4BAE-BF44-568103D08383}"
EndProject
Global
	GlobalSection(SolutionConfigurationPlatforms) = preSolution
		Debug|Any CPU = Debug|Any CPU
		Release|Any CPU = Release|Any CPU
	EndGlobalSection
	GlobalSection(ProjectConfigurationPlatforms) = postSolution
		{96345DFC-73EB-4BAE-BF44-568103D08383}.Debug|Any CPU.ActiveCfg = Debug|Any CPU
		{96345DFC-73EB-4BAE-BF44-568103D08383}.Debug|Any CPU.Build.0 = Debug|Any CPU
		{96345DFC-73EB-4BAE-BF44-568103D08383}.Release|Any CPU.ActiveCfg = Release|Any CPU
		{96345DFC-73EB-4BAE-BF44-568103D08383}.Release|Any CPU.Build.0 = Release|Any CPU
	EndGlobalSection
	GlobalSection(SolutionProperties) = preSolution
		HideSolutionNode = FALSE
	EndGlobalSection
	GlobalSection(ExtensibilityGlobals) = postSolution
		SolutionGuid = {DC096BAD-8571-4BD6-958F-A6C4D40EB148}
	EndGlobalSection
EndGlobal
